# THIS IS AN AUTOGENERATED FILE. DO NOT EDIT THIS FILE DIRECTLY.
# yarn lockfile v1


pkg-a@^1.0.0:
  version "1.0.0"
  resolved "https://registry.yarnpkg.com/pkg-a/-/pkg-a-1.0.0.tgz"
  integrity sha512-test
  dependencies:
    pkg-b "^2.0.0"

pkg-b@^2.0.0:
  version "2.0.0"
  resolved "https://registry.yarnpkg.com/pkg-b/-/pkg-b-2.0.0.tgz"
  integrity sha512-test
  dependencies:
    pkg-c "^3.0.0"

pkg-c@^3.0.0:
  version "3.0.0"
  resolved "https://registry.yarnpkg.com/pkg-c/-/pkg-c-3.0.0.tgz"
  integrity sha512-test
